// !$*UTF8*$!
{
	archiveVersion = 1;
	classes = {
	};
	objectVersion = 50;
	objects = {

/* Begin PBXBuildFile section */
		57DDD7FF23C7293D00CBAD7A /* AppDelegate.m in Sources */ = {isa = PBXBuildFile; fileRef = 57DDD7FE23C7293D00CBAD7A /* AppDelegate.m */; };
		57DDD80223C7293D00CBAD7A /* SceneDelegate.m in Sources */ = {isa = PBXBuildFile; fileRef = 57DDD80123C7293D00CBAD7A /* SceneDelegate.m */; };
		57DDD80523C7293D00CBAD7A /* ViewController.m in Sources */ = {isa = PBXBuildFile; fileRef = 57DDD80423C7293D00CBAD7A /* ViewController.m */; };
		57DDD80823C7293D00CBAD7A /* Main.storyboard in Resources */ = {isa = PBXBuildFile; fileRef = 57DDD80623C7293D00CBAD7A /* Main.storyboard */; };
		57DDD80A23C7294100CBAD7A /* Assets.xcassets in Resources */ = {isa = PBXBuildFile; fileRef = 57DDD80923C7294100CBAD7A /* Assets.xcassets */; };
		57DDD80D23C7294100CBAD7A /* LaunchScreen.storyboard in Resources */ = {isa = PBXBuildFile; fileRef = 57DDD80B23C7294100CBAD7A /* LaunchScreen.storyboard */; };
		57DDD81023C7294100CBAD7A /* main.m in Sources */ = {isa = PBXBuildFile; fileRef = 57DDD80F23C7294100CBAD7A /* main.m */; };
/* End PBXBuildFile section */

/* Begin PBXFileReference section */
		57DDD7FA23C7293D00CBAD7A /* arithmetic.app */ = {isa = PBXFileReference; explicitFileType = wrapper.application; includeInIndex = 0; path = arithmetic.app; sourceTree = BUILT_PRODUCTS_DIR; };
		57DDD7FD23C7293D00CBAD7A /* AppDelegate.h */ = {isa = PBXFileReference; lastKnownFileType = sourcecode.c.h; path = AppDelegate.h; sourceTree = "<group>"; };
		57DDD7FE23C7293D00CBAD7A /* AppDelegate.m */ = {isa = PBXFileReference; lastKnownFileType = sourcecode.c.objc; path = AppDelegate.m; sourceTree = "<group>"; };
		57DDD80023C7293D00CBAD7A /* SceneDelegate.h */ = {isa = PBXFileReference; lastKnownFileType = sourcecode.c.h; path = SceneDelegate.h; sourceTree = "<group>"; };
		57DDD80123C7293D00CBAD7A /* SceneDelegate.m */ = {isa = PBXFileReference; lastKnownFileType = sourcecode.c.objc; path = SceneDelegate.m; sourceTree = "<group>"; };
		57DDD80323C7293D00CBAD7A /* ViewController.h */ = {isa = PBXFileReference; lastKnownFileType = sourcecode.c.h; path = ViewController.h; sourceTree = "<group>"; };
		57DDD80423C7293D00CBAD7A /* ViewController.m */ = {isa = PBXFileReference; lastKnownFileType = sourcecode.c.objc; path = ViewController.m; sourceTree = "<group>"; };
		57DDD80723C7293D00CBAD7A /* Base */ = {isa = PBXFileReference; lastKnownFileType = file.storyboard; name = Base; path = Base.lproj/Main.storyboard; sourceTree = "<group>"; };
		57DDD80923C7294100CBAD7A /* Assets.xcassets */ = {isa = PBXFileReference; lastKnownFileType = folder.assetcatalog; path = Assets.xcassets; sourceTree = "<group>"; };
		57DDD80C23C7294100CBAD7A /* Base */ = {isa = PBXFileReference; lastKnownFileType = file.storyboard; name = Base; path = Base.lproj/LaunchScreen.storyboard; sourceTree = "<group>"; };
		57DDD80E23C7294100CBAD7A /* Info.plist */ = {isa = PBXFileReference; lastKnownFileType = text.plist.xml; path = Info.plist; sourceTree = "<group>"; };
		57DDD80F23C7294100CBAD7A /* main.m */ = {isa = PBXFileReference; lastKnownFileType = sourcecode.c.objc; path = main.m; sourceTree = "<group>"; };
/* End PBXFileReference section */

/* Begin PBXFrameworksBuildPhase section */
		57DDD7F723C7293D00CBAD7A /* Frameworks */ = {
			isa = PBXFrameworksBuildPhase;
			buildActionMask = 2147483647;
			files = (
			);
			runOnlyForDeploymentPostprocessing = 0;
		};
/* End PBXFrameworksBuildPhase section */

/* Begin PBXGroup section */
		57DDD7F123C7293D00CBAD7A = {
			isa = PBXGroup;
			children = (
				57DDD7FC23C7293D00CBAD7A /* arithmetic */,
				57DDD7FB23C7293D00CBAD7A /* Products */,
			);
			sourceTree = "<group>";
		};
		57DDD7FB23C7293D00CBAD7A /* Products */ = {
			isa = PBXGroup;
			children = (
				57DDD7FA23C7293D00CBAD7A /* arithmetic.app */,
			);
			name = Products;
			sourceTree = "<group>";
		};
		57DDD7FC23C7293D00CBAD7A /* arithmetic */ = {
			isa = PBXGroup;
			children = (
				57DDD7FD23C7293D00CBAD7A /* AppDelegate.h */,
				57DDD7FE23C7293D00CBAD7A /* AppDelegate.m */,
				57DDD80023C7293D00CBAD7A /* SceneDelegate.h */,
				57DDD80123C7293D00CBAD7A /* SceneDelegate.m */,
				57DDD80323C7293D00CBAD7A /* ViewController.h */,
				57DDD80423C7293D00CBAD7A /* ViewController.m */,
				57DDD80623C7293D00CBAD7A /* Main.storyboard */,
				57DDD80923C7294100CBAD7A /* Assets.xcassets */,
				57DDD80B23C7294100CBAD7A /* LaunchScreen.storyboard */,
				57DDD80E23C7294100CBAD7A /* Info.plist */,
				57DDD80F23C7294100CBAD7A /* main.m */,
			);
			path = arithmetic;
			sourceTree = "<group>";
		};
/* End PBXGroup section */

/* Begin PBXNativeTarget section */
		57DDD7F923C7293D00CBAD7A /* arithmetic */ = {
			isa = PBXNativeTarget;
			buildConfigurationList = 57DDD81323C7294100CBAD7A /* Build configuration list for PBXNativeTarget "arithmetic" */;
			buildPhases = (
				57DDD7F623C7293D00CBAD7A /* Sources */,
				57DDD7F723C7293D00CBAD7A /* Frameworks */,
				57DDD7F823C7293D00CBAD7A /* Resources */,
			);
			buildRules = (
			);
			dependencies = (
			);
			name = arithmetic;
			productName = arithmetic;
			productReference = 57DDD7FA23C7293D00CBAD7A /* arithmetic.app */;
			productType = "com.apple.product-type.application";
		};
/* End PBXNativeTarget section */

/* Begin PBXProject section */
		57DDD7F223C7293D00CBAD7A /* Project object */ = {
			isa = PBXProject;
			attributes = {
				LastUpgradeCheck = 1130;
				ORGANIZATIONNAME = yanghe;
				TargetAttributes = {
					57DDD7F923C7293D00CBAD7A = {
						CreatedOnToolsVersion = 11.3;
					};
				};
			};
			buildConfigurationList = 57DDD7F523C7293D00CBAD7A /* Build configuration list for PBXProject "arithmetic" */;
			compatibilityVersion = "Xcode 9.3";
			developmentRegion = en;
			hasScannedForEncodings = 0;
			knownRegions = (
				en,
				Base,
			);
			mainGroup = 57DDD7F123C7293D00CBAD7A;
			productRefGroup = 57DDD7FB23C7293D00CBAD7A /* Products */;
			projectDirPath = "";
			projectRoot = "";
			targets = (
				57DDD7F923C7293D00CBAD7A /* arithmetic */,
			);
		};
/* End PBXProject section */

/* Begin PBXResourcesBuildPhase section */
		57DDD7F823C7293D00CBAD7A /* Resources */ = {
			isa = PBXResourcesBuildPhase;
			buildActionMask = 2147483647;
			files = (
				57DDD80D23C7294100CBAD7A /* LaunchScreen.storyboard in Resources */,
				57DDD80A23C7294100CBAD7A /* Assets.xcassets in Resources */,
				57DDD80823C7293D00CBAD7A /* Main.storyboard in Resources */,
			);
			runOnlyForDeploymentPostprocessing = 0;
		};
/* End PBXResourcesBuildPhase section */

/* Begin PBXSourcesBuildPhase section */
		57DDD7F623C7293D00CBAD7A /* Sources */ = {
			isa = PBXSourcesBuildPhase;
			buildActionMask = 2147483647;
			files = (
				57DDD80523C7293D00CBAD7A /* ViewController.m in Sources */,
				57DDD7FF23C7293D00CBAD7A /* AppDelegate.m in Sources */,
				57DDD81023C7294100CBAD7A /* main.m in Sources */,
				57DDD80223C7293D00CBAD7A /* SceneDelegate.m in Sources */,
			);
			runOnlyForDeploymentPostprocessing = 0;
		};
/* End PBXSourcesBuildPhase section */

/* Begin PBXVariantGroup section */
		57DDD80623C7293D00CBAD7A /* Main.storyboard */ = {
			isa = PBXVariantGroup;
			children = (
				57DDD80723C7293D00CBAD7A /* Base */,
			);
			name = Main.storyboard;
			sourceTree = "<group>";
		};
		57DDD80B23C7294100CBAD7A /* LaunchScreen.storyboard */ = {
			isa = PBXVariantGroup;
			children = (
				57DDD80C23C7294100CBAD7A /* Base */,
			);
			name = LaunchScreen.storyboard;
			sourceTree = "<group>";
		};
/* End PBXVariantGroup section */

/* Begin XCBuildConfiguration section */
		57DDD81123C7294100CBAD7A /* Debug */ = {
			isa = XCBuildConfiguration;
			buildSettings = {
				ALWAYS_SEARCH_USER_PATHS = NO;
				CLANG_ANALYZER_NONNULL = YES;
				CLANG_ANALYZER_NUMBER_OBJECT_CONVERSION = YES_AGGRESSIVE;
				CLANG_CXX_LANGUAGE_STANDARD = "gnu++14";
				CLANG_CXX_LIBRARY = "libc++";
				CLANG_ENABLE_MODULES = YES;
				CLANG_ENABLE_OBJC_ARC = YES;
				CLANG_ENABLE_OBJC_WEAK = YES;
				CLANG_WARN_BLOCK_CAPTURE_AUTORELEASING = YES;
				CLANG_WARN_BOOL_CONVERSION = YES;
				CLANG_WARN_COMMA = YES;
				CLANG_WARN_CONSTANT_CONVERSION = YES;
				CLANG_WARN_DEPRECATED_OBJC_IMPLEMENTATIONS = YES;
				CLANG_WARN_DIRECT_OBJC_ISA_USAGE = YES_ERROR;
				CLANG_WARN_DOCUMENTATION_COMMENTS = YES;
				CLANG_WARN_EMPTY_BODY = YES;
				CLANG_WARN_ENUM_CONVERSION = YES;
				CLANG_WARN_INFINITE_RECURSION = YES;
				CLANG_WARN_INT_CONVERSION = YES;
				CLANG_WARN_NON_LITERAL_NULL_CONVERSION = YES;
				CLANG_WARN_OBJC_IMPLICIT_RETAIN_SELF = YES;
				CLANG_WARN_OBJC_LITERAL_CONVERSION = YES;
				CLANG_WARN_OBJC_ROOT_CLASS = YES_ERROR;
				CLANG_WARN_RANGE_LOOP_ANALYSIS = YES;
				CLANG_WARN_STRICT_PROTOTYPES = YES;
				CLANG_WARN_SUSPICIOUS_MOVE = YES;
				CLANG_WARN_UNGUARDED_AVAILABILITY = YES_AGGRESSIVE;
				CLANG_WARN_UNREACHABLE_CODE = YES;
				CLANG_WARN__DUPLICATE_METHOD_MATCH = YES;
				COPY_PHASE_STRIP = NO;
				DEBUG_INFORMATION_FORMAT = dwarf;
				ENABLE_STRICT_OBJC_MSGSEND = YES;
				ENABLE_TESTABILITY = YES;
				GCC_C_LANGUAGE_STANDARD = gnu11;
				GCC_DYNAMIC_NO_PIC = NO;
				GCC_NO_COMMON_BLOCKS = YES;
				GCC_OPTIMIZATION_LEVEL = 0;
				GCC_PREPROCESSOR_DEFINITIONS = (
					"DEBUG=1",
					"$(inherited)",
				);
				GCC_WARN_64_TO_32_BIT_CONVERSION = YES;
				GCC_WARN_ABOUT_RETURN_TYPE = YES_ERROR;
				GCC_WARN_UNDECLARED_SELECTOR = YES;
				GCC_WARN_UNINITIALIZED_AUTOS = YES_AGGRESSIVE;
				GCC_WARN_UNUSED_FUNCTION = YES;
				GCC_WARN_UNUSED_VARIABLE = YES;
				IPHONEOS_DEPLOYMENT_TARGET = 13.2;
				MTL_ENABLE_DEBUG_INFO = INCLUDE_SOURCE;
				MTL_FAST_MATH = YES;
				ONLY_ACTIVE_ARCH = YES;
				SDKROOT = iphoneos;
			};
			name = Debug;
		};
		57DDD81223C7294100CBAD7A /* Release */ = {
			isa = XCBuildConfiguration;
			buildSettings = {
				ALWAYS_SEARCH_USER_PATHS = NO;
				CLANG_ANALYZER_NONNULL = YES;
				CLANG_ANALYZER_NUMBER_OBJECT_CONVERSION = YES_AGGRESSIVE;
				CLANG_CXX_LANGUAGE_STANDARD = "gnu++14";
				CLANG_CXX_LIBRARY = "libc++";
				CLANG_ENABLE_MODULES = YES;
				CLANG_ENABLE_OBJC_ARC = YES;
				CLANG_ENABLE_OBJC_WEAK = YES;
				CLANG_WARN_BLOCK_CAPTURE_AUTORELEASING = YES;
				CLANG_WARN_BOOL_CONVERSION = YES;
				CLANG_WARN_COMMA = YES;
				CLANG_WARN_CONSTANT_CONVERSION = YES;
				CLANG_WARN_DEPRECATED_OBJC_IMPLEMENTATIONS = YES;
				CLANG_WARN_DIRECT_OBJC_ISA_USAGE = YES_ERROR;
				CLANG_WARN_DOCUMENTATION_COMMENTS = YES;
				CLANG_WARN_EMPTY_BODY = YES;
				CLANG_WARN_ENUM_CONVERSION = YES;
				CLANG_WARN_INFINITE_RECURSION = YES;
				CLANG_WARN_INT_CONVERSION = YES;
				CLANG_WARN_NON_LITERAL_NULL_CONVERSION = YES;
				CLANG_WARN_OBJC_IMPLICIT_RETAIN_SELF = YES;
				CLANG_WARN_OBJC_LITERAL_CONVERSION = YES;
				CLANG_WARN_OBJC_ROOT_CLASS = YES_ERROR;
				CLANG_WARN_RANGE_LOOP_ANALYSIS = YES;
				CLANG_WARN_STRICT_PROTOTYPES = YES;
				CLANG_WARN_SUSPICIOUS_MOVE = YES;
				CLANG_WARN_UNGUARDED_AVAILABILITY = YES_AGGRESSIVE;
				CLANG_WARN_UNREACHABLE_CODE = YES;
				CLANG_WARN__DUPLICATE_METHOD_MATCH = YES;
				COPY_PHASE_STRIP = NO;
				DEBUG_INFORMATION_FORMAT = "dwarf-with-dsym";
				ENABLE_NS_ASSERTIONS = NO;
				ENABLE_STRICT_OBJC_MSGSEND = YES;
				GCC_C_LANGUAGE_STANDARD = gnu11;
				GCC_NO_COMMON_BLOCKS = YES;
				GCC_WARN_64_TO_32_BIT_CONVERSION = YES;
				GCC_WARN_ABOUT_RETURN_TYPE = YES_ERROR;
				GCC_WARN_UNDECLARED_SELECTOR = YES;
				GCC_WARN_UNINITIALIZED_AUTOS = YES_AGGRESSIVE;
				GCC_WARN_UNUSED_FUNCTION = YES;
				GCC_WARN_UNUSED_VARIABLE = YES;
				IPHONEOS_DEPLOYMENT_TARGET = 13.2;
				MTL_ENABLE_DEBUG_INFO = NO;
				MTL_FAST_MATH = YES;
				SDKROOT = iphoneos;
				VALIDATE_PRODUCT = YES;
			};
			name = Release;
		};
		57DDD81423C7294100CBAD7A /* Debug */ = {
			isa = XCBuildConfiguration;
			buildSettings = {
				ASSETCATALOG_COMPILER_APPICON_NAME = AppIcon;
				CODE_SIGN_STYLE = Automatic;
				DEVELOPMENT_TEAM = QQGC6FGPZU;
				INFOPLIST_FILE = arithmetic/Info.plist;
				LD_RUNPATH_SEARCH_PATHS = (
					"$(inherited)",
					"@executable_path/Frameworks",
				);
				PRODUCT_BUNDLE_IDENTIFIER = yh.arithmetic;
				PRODUCT_NAME = "$(TARGET_NAME)";
				TARGETED_DEVICE_FAMILY = "1,2";
			};
			name = Debug;
		};
		57DDD81523C7294100CBAD7A /* Release */ = {
			isa = XCBuildConfiguration;
			buildSettings = {
				ASSETCATALOG_COMPILER_APPICON_NAME = AppIcon;
				CODE_SIGN_STYLE = Automatic;
				DEVELOPMENT_TEAM = QQGC6FGPZU;
				INFOPLIST_FILE = arithmetic/Info.plist;
				LD_RUNPATH_SEARCH_PATHS = (
					"$(inherited)",
					"@executable_path/Frameworks",
				);
				PRODUCT_BUNDLE_IDENTIFIER = yh.arithmetic;
				PRODUCT_NAME = "$(TARGET_NAME)";
				TARGETED_DEVICE_FAMILY = "1,2";
			};
			name = Release;
		};
/* End XCBuildConfiguration section */

/* Begin XCConfigurationList section */
		57DDD7F523C7293D00CBAD7A /* Build configuration list for PBXProject "arithmetic" */ = {
			isa = XCConfigurationList;
			buildConfigurations = (
				57DDD81123C7294100CBAD7A /* Debug */,
				57DDD81223C7294100CBAD7A /* Release */,
			);
			defaultConfigurationIsVisible = 0;
			defaultConfigurationName = Release;
		};
		57DDD81323C7294100CBAD7A /* Build configuration list for PBXNativeTarget "arithmetic" */ = {
			isa = XCConfigurationList;
			buildConfigurations = (
				57DDD81423C7294100CBAD7A /* Debug */,
				57DDD81523C7294100CBAD7A /* Release */,
			);
			defaultConfigurationIsVisible = 0;
			defaultConfigurationName = Release;
		};
/* End XCConfigurationList section */
	};
	rootObject = 57DDD7F223C7293D00CBAD7A /* Project object */;
}
